// !$*UTF8*$!
{
	archiveVersion = 1;
	classes = {
	};
	objectVersion = 50;
	objects = {

/* Begin PBXBuildFile section */
		A31DB54F222B7DA900C2A883 /* AppDelegate.swift in Sources */ = {isa = PBXBuildFile; fileRef = A31DB54E222B7DA900C2A883 /* AppDelegate.swift */; };
		A31DB551222B7DA900C2A883 /* GameScene.sks in Resources */ = {isa = PBXBuildFile; fileRef = A31DB550222B7DA900C2A883 /* GameScene.sks */; };
		A31DB553222B7DA900C2A883 /* Actions.sks in Resources */ = {isa = PBXBuildFile; fileRef = A31DB552222B7DA900C2A883 /* Actions.sks */; };
		A31DB555222B7DA900C2A883 /* GameScene.swift in Sources */ = {isa = PBXBuildFile; fileRef = A31DB554222B7DA900C2A883 /* GameScene.swift */; };
		A31DB557222B7DA900C2A883 /* GameViewController.swift in Sources */ = {isa = PBXBuildFile; fileRef = A31DB556222B7DA900C2A883 /* GameViewController.swift */; };
		A31DB55A222B7DA900C2A883 /* Main.storyboard in Resources */ = {isa = PBXBuildFile; fileRef = A31DB558222B7DA900C2A883 /* Main.storyboard */; };
		A31DB55C222B7DAB00C2A883 /* Assets.xcassets in Resources */ = {isa = PBXBuildFile; fileRef = A31DB55B222B7DAB00C2A883 /* Assets.xcassets */; };
		A31DB55F222B7DAB00C2A883 /* LaunchScreen.storyboard in Resources */ = {isa = PBXBuildFile; fileRef = A31DB55D222B7DAB00C2A883 /* LaunchScreen.storyboard */; };
		A31DB56A222B7DAB00C2A883 /* Galactic_InvasionTests.swift in Sources */ = {isa = PBXBuildFile; fileRef = A31DB569222B7DAB00C2A883 /* Galactic_InvasionTests.swift */; };
		A31DB575222B7DAB00C2A883 /* Galactic_InvasionUITests.swift in Sources */ = {isa = PBXBuildFile; fileRef = A31DB574222B7DAB00C2A883 /* Galactic_InvasionUITests.swift */; };
/* End PBXBuildFile section */

/* Begin PBXContainerItemProxy section */
		A31DB566222B7DAB00C2A883 /* PBXContainerItemProxy */ = {
			isa = PBXContainerItemProxy;
			containerPortal = A31DB543222B7DA900C2A883 /* Project object */;
			proxyType = 1;
			remoteGlobalIDString = A31DB54A222B7DA900C2A883;
			remoteInfo = "Galactic Invasion";
		};
		A31DB571222B7DAB00C2A883 /* PBXContainerItemProxy */ = {
			isa = PBXContainerItemProxy;
			containerPortal = A31DB543222B7DA900C2A883 /* Project object */;
			proxyType = 1;
			remoteGlobalIDString = A31DB54A222B7DA900C2A883;
			remoteInfo = "Galactic Invasion";
		};
/* End PBXContainerItemProxy section */

/* Begin PBXFileReference section */
		A31DB54B222B7DA900C2A883 /* Galactic Invasion.app */ = {isa = PBXFileReference; explicitFileType = wrapper.application; includeInIndex = 0; path = "Galactic Invasion.app"; sourceTree = BUILT_PRODUCTS_DIR; };
		A31DB54E222B7DA900C2A883 /* AppDelegate.swift */ = {isa = PBXFileReference; lastKnownFileType = sourcecode.swift; path = AppDelegate.swift; sourceTree = "<group>"; };
		A31DB550222B7DA900C2A883 /* GameScene.sks */ = {isa = PBXFileReference; lastKnownFileType = file.sks; path = GameScene.sks; sourceTree = "<group>"; };
		A31DB552222B7DA900C2A883 /* Actions.sks */ = {isa = PBXFileReference; lastKnownFileType = file.sks; path = Actions.sks; sourceTree = "<group>"; };
		A31DB554222B7DA900C2A883 /* GameScene.swift */ = {isa = PBXFileReference; lastKnownFileType = sourcecode.swift; path = GameScene.swift; sourceTree = "<group>"; };
		A31DB556222B7DA900C2A883 /* GameViewController.swift */ = {isa = PBXFileReference; lastKnownFileType = sourcecode.swift; path = GameViewController.swift; sourceTree = "<group>"; };
		A31DB559222B7DA900C2A883 /* Base */ = {isa = PBXFileReference; lastKnownFileType = file.storyboard; name = Base; path = Base.lproj/Main.storyboard; sourceTree = "<group>"; };
		A31DB55B222B7DAB00C2A883 /* Assets.xcassets */ = {isa = PBXFileReference; lastKnownFileType = folder.assetcatalog; path = Assets.xcassets; sourceTree = "<group>"; };
		A31DB55E222B7DAB00C2A883 /* Base */ = {isa = PBXFileReference; lastKnownFileType = file.storyboard; name = Base; path = Base.lproj/LaunchScreen.storyboard; sourceTree = "<group>"; };
		A31DB560222B7DAB00C2A883 /* Info.plist */ = {isa = PBXFileReference; lastKnownFileType = text.plist.xml; path = Info.plist; sourceTree = "<group>"; };
		A31DB565222B7DAB00C2A883 /* Galactic InvasionTests.xctest */ = {isa = PBXFileReference; explicitFileType = wrapper.cfbundle; includeInIndex = 0; path = "Galactic InvasionTests.xctest"; sourceTree = BUILT_PRODUCTS_DIR; };
		A31DB569222B7DAB00C2A883 /* Galactic_InvasionTests.swift */ = {isa = PBXFileReference; lastKnownFileType = sourcecode.swift; path = Galactic_InvasionTests.swift; sourceTree = "<group>"; };
		A31DB56B222B7DAB00C2A883 /* Info.plist */ = {isa = PBXFileReference; lastKnownFileType = text.plist.xml; path = Info.plist; sourceTree = "<group>"; };
		A31DB570222B7DAB00C2A883 /* Galactic InvasionUITests.xctest */ = {isa = PBXFileReference; explicitFileType = wrapper.cfbundle; includeInIndex = 0; path = "Galactic InvasionUITests.xctest"; sourceTree = BUILT_PRODUCTS_DIR; };
		A31DB574222B7DAB00C2A883 /* Galactic_InvasionUITests.swift */ = {isa = PBXFileReference; lastKnownFileType = sourcecode.swift; path = Galactic_InvasionUITests.swift; sourceTree = "<group>"; };
		A31DB576222B7DAB00C2A883 /* Info.plist */ = {isa = PBXFileReference; lastKnownFileType = text.plist.xml; path = Info.plist; sourceTree = "<group>"; };
/* End PBXFileReference section */

/* Begin PBXFrameworksBuildPhase section */
		A31DB548222B7DA900C2A883 /* Frameworks */ = {
			isa = PBXFrameworksBuildPhase;
			buildActionMask = 2147483647;
			files = (
			);
			runOnlyForDeploymentPostprocessing = 0;
		};
		A31DB562222B7DAB00C2A883 /* Frameworks */ = {
			isa = PBXFrameworksBuildPhase;
			buildActionMask = 2147483647;
			files = (
			);
			runOnlyForDeploymentPostprocessing = 0;
		};
		A31DB56D222B7DAB00C2A883 /* Frameworks */ = {
			isa = PBXFrameworksBuildPhase;
			buildActionMask = 2147483647;
			files = (
			);
			runOnlyForDeploymentPostprocessing = 0;
		};
/* End PBXFrameworksBuildPhase section */

/* Begin PBXGroup section */
		A31DB542222B7DA900C2A883 = {
			isa = PBXGroup;
			children = (
				A31DB54D222B7DA900C2A883 /* Galactic Invasion */,
				A31DB568222B7DAB00C2A883 /* Galactic InvasionTests */,
				A31DB573222B7DAB00C2A883 /* Galactic InvasionUITests */,
				A31DB54C222B7DA900C2A883 /* Products */,
			);
			sourceTree = "<group>";
		};
		A31DB54C222B7DA900C2A883 /* Products */ = {
			isa = PBXGroup;
			children = (
				A31DB54B222B7DA900C2A883 /* Galactic Invasion.app */,
				A31DB565222B7DAB00C2A883 /* Galactic InvasionTests.xctest */,
				A31DB570222B7DAB00C2A883 /* Galactic InvasionUITests.xctest */,
			);
			name = Products;
			sourceTree = "<group>";
		};
		A31DB54D222B7DA900C2A883 /* Galactic Invasion */ = {
			isa = PBXGroup;
			children = (
				A31DB54E222B7DA900C2A883 /* AppDelegate.swift */,
				A31DB552222B7DA900C2A883 /* Actions.sks */,
				A31DB554222B7DA900C2A883 /* GameScene.swift */,
				A31DB556222B7DA900C2A883 /* GameViewController.swift */,
				A31DB558222B7DA900C2A883 /* Main.storyboard */,
				A31DB55B222B7DAB00C2A883 /* Assets.xcassets */,
				A31DB55D222B7DAB00C2A883 /* LaunchScreen.storyboard */,
				A31DB560222B7DAB00C2A883 /* Info.plist */,
			);
			path = "Galactic Invasion";
			sourceTree = "<group>";
		};
		A31DB568222B7DAB00C2A883 /* Galactic InvasionTests */ = {
			isa = PBXGroup;
			children = (
				A31DB569222B7DAB00C2A883 /* Galactic_InvasionTests.swift */,
				A31DB550222B7DA900C2A883 /* GameScene.sks */,
				A31DB56B222B7DAB00C2A883 /* Info.plist */,
			);
			path = "Galactic InvasionTests";
			sourceTree = "<group>";
		};
		A31DB573222B7DAB00C2A883 /* Galactic InvasionUITests */ = {
			isa = PBXGroup;
			children = (
				A31DB574222B7DAB00C2A883 /* Galactic_InvasionUITests.swift */,
				A31DB576222B7DAB00C2A883 /* Info.plist */,
			);
			path = "Galactic InvasionUITests";
			sourceTree = "<group>";
		};
/* End PBXGroup section */

/* Begin PBXNativeTarget section */
		A31DB54A222B7DA900C2A883 /* Galactic Invasion */ = {
			isa = PBXNativeTarget;
			buildConfigurationList = A31DB579222B7DAB00C2A883 /* Build configuration list for PBXNativeTarget "Galactic Invasion" */;
			buildPhases = (
				A31DB547222B7DA900C2A883 /* Sources */,
				A31DB548222B7DA900C2A883 /* Frameworks */,
				A31DB549222B7DA900C2A883 /* Resources */,
			);
			buildRules = (
			);
			dependencies = (
			);
			name = "Galactic Invasion";
			productName = "Galactic Invasion";
			productReference = A31DB54B222B7DA900C2A883 /* Galactic Invasion.app */;
			productType = "com.apple.product-type.application";
		};
		A31DB564222B7DAB00C2A883 /* Galactic InvasionTests */ = {
			isa = PBXNativeTarget;
			buildConfigurationList = A31DB57C222B7DAB00C2A883 /* Build configuration list for PBXNativeTarget "Galactic InvasionTests" */;
			buildPhases = (
				A31DB561222B7DAB00C2A883 /* Sources */,
				A31DB562222B7DAB00C2A883 /* Frameworks */,
				A31DB563222B7DAB00C2A883 /* Resources */,
			);
			buildRules = (
			);
			dependencies = (
				A31DB567222B7DAB00C2A883 /* PBXTargetDependency */,
			);
			name = "Galactic InvasionTests";
			productName = "Galactic InvasionTests";
			productReference = A31DB565222B7DAB00C2A883 /* Galactic InvasionTests.xctest */;
			productType = "com.apple.product-type.bundle.unit-test";
		};
		A31DB56F222B7DAB00C2A883 /* Galactic InvasionUITests */ = {
			isa = PBXNativeTarget;
			buildConfigurationList = A31DB57F222B7DAB00C2A883 /* Build configuration list for PBXNativeTarget "Galactic InvasionUITests" */;
			buildPhases = (
				A31DB56C222B7DAB00C2A883 /* Sources */,
				A31DB56D222B7DAB00C2A883 /* Frameworks */,
				A31DB56E222B7DAB00C2A883 /* Resources */,
			);
			buildRules = (
			);
			dependencies = (
				A31DB572222B7DAB00C2A883 /* PBXTargetDependency */,
			);
			name = "Galactic InvasionUITests";
			productName = "Galactic InvasionUITests";
			productReference = A31DB570222B7DAB00C2A883 /* Galactic InvasionUITests.xctest */;
			productType = "com.apple.product-type.bundle.ui-testing";
		};
/* End PBXNativeTarget section */

/* Begin PBXProject section */
		A31DB543222B7DA900C2A883 /* Project object */ = {
			isa = PBXProject;
			attributes = {
				LastSwiftUpdateCheck = 1010;
				LastUpgradeCheck = 1010;
				ORGANIZATIONNAME = "Angelo Reyes";
				TargetAttributes = {
					A31DB54A222B7DA900C2A883 = {
						CreatedOnToolsVersion = 10.1;
					};
					A31DB564222B7DAB00C2A883 = {
						CreatedOnToolsVersion = 10.1;
						TestTargetID = A31DB54A222B7DA900C2A883;
					};
					A31DB56F222B7DAB00C2A883 = {
						CreatedOnToolsVersion = 10.1;
						TestTargetID = A31DB54A222B7DA900C2A883;
					};
				};
			};
			buildConfigurationList = A31DB546222B7DA900C2A883 /* Build configuration list for PBXProject "Galactic Invasion" */;
			compatibilityVersion = "Xcode 9.3";
			developmentRegion = en;
			hasScannedForEncodings = 0;
			knownRegions = (
				en,
				Base,
			);
			mainGroup = A31DB542222B7DA900C2A883;
			productRefGroup = A31DB54C222B7DA900C2A883 /* Products */;
			projectDirPath = "";
			projectRoot = "";
			targets = (
				A31DB54A222B7DA900C2A883 /* Galactic Invasion */,
				A31DB564222B7DAB00C2A883 /* Galactic InvasionTests */,
				A31DB56F222B7DAB00C2A883 /* Galactic InvasionUITests */,
			);
		};
/* End PBXProject section */

/* Begin PBXResourcesBuildPhase section */
		A31DB549222B7DA900C2A883 /* Resources */ = {
			isa = PBXResourcesBuildPhase;
			buildActionMask = 2147483647;
			files = (
				A31DB55A222B7DA900C2A883 /* Main.storyboard in Resources */,
				A31DB551222B7DA900C2A883 /* GameScene.sks in Resources */,
				A31DB55C222B7DAB00C2A883 /* Assets.xcassets in Resources */,
				A31DB55F222B7DAB00C2A883 /* LaunchScreen.storyboard in Resources */,
				A31DB553222B7DA900C2A883 /* Actions.sks in Resources */,
			);
			runOnlyForDeploymentPostprocessing = 0;
		};
		A31DB563222B7DAB00C2A883 /* Resources */ = {
			isa = PBXResourcesBuildPhase;
			buildActionMask = 2147483647;
			files = (
			);
			runOnlyForDeploymentPostprocessing = 0;
		};
		A31DB56E222B7DAB00C2A883 /* Resources */ = {
			isa = PBXResourcesBuildPhase;
			buildActionMask = 2147483647;
			files = (
			);
			runOnlyForDeploymentPostprocessing = 0;
		};
/* End PBXResourcesBuildPhase section */

/* Begin PBXSourcesBuildPhase section */
		A31DB547222B7DA900C2A883 /* Sources */ = {
			isa = PBXSourcesBuildPhase;
			buildActionMask = 2147483647;
			files = (
				A31DB555222B7DA900C2A883 /* GameScene.swift in Sources */,
				A31DB557222B7DA900C2A883 /* GameViewController.swift in Sources */,
				A31DB54F222B7DA900C2A883 /* AppDelegate.swift in Sources */,
			);
			runOnlyForDeploymentPostprocessing = 0;
		};
		A31DB561222B7DAB00C2A883 /* Sources */ = {
			isa = PBXSourcesBuildPhase;
			buildActionMask = 2147483647;
			files = (
				A31DB56A222B7DAB00C2A883 /* Galactic_InvasionTests.swift in Sources */,
			);
			runOnlyForDeploymentPostprocessing = 0;
		};
		A31DB56C222B7DAB00C2A883 /* Sources */ = {
			isa = PBXSourcesBuildPhase;
			buildActionMask = 2147483647;
			files = (
				A31DB575222B7DAB00C2A883 /* Galactic_InvasionUITests.swift in Sources */,
			);
			runOnlyForDeploymentPostprocessing = 0;
		};
/* End PBXSourcesBuildPhase section */

/* Begin PBXTargetDependency section */
		A31DB567222B7DAB00C2A883 /* PBXTargetDependency */ = {
			isa = PBXTargetDependency;
			target = A31DB54A222B7DA900C2A883 /* Galactic Invasion */;
			targetProxy = A31DB566222B7DAB00C2A883 /* PBXContainerItemProxy */;
		};
		A31DB572222B7DAB00C2A883 /* PBXTargetDependency */ = {
			isa = PBXTargetDependency;
			target = A31DB54A222B7DA900C2A883 /* Galactic Invasion */;
			targetProxy = A31DB571222B7DAB00C2A883 /* PBXContainerItemProxy */;
		};
/* End PBXTargetDependency section */

/* Begin PBXVariantGroup section */
		A31DB558222B7DA900C2A883 /* Main.storyboard */ = {
			isa = PBXVariantGroup;
			children = (
				A31DB559222B7DA900C2A883 /* Base */,
			);
			name = Main.storyboard;
			sourceTree = "<group>";
		};
		A31DB55D222B7DAB00C2A883 /* LaunchScreen.storyboard */ = {
			isa = PBXVariantGroup;
			children = (
				A31DB55E222B7DAB00C2A883 /* Base */,
			);
			name = LaunchScreen.storyboard;
			sourceTree = "<group>";
		};
/* End PBXVariantGroup section */

/* Begin XCBuildConfiguration section */
		A31DB577222B7DAB00C2A883 /* Debug */ = {
			isa = XCBuildConfiguration;
			buildSettings = {
				ALWAYS_SEARCH_USER_PATHS = NO;
				CLANG_ANALYZER_NONNULL = YES;
				CLANG_ANALYZER_NUMBER_OBJECT_CONVERSION = YES_AGGRESSIVE;
				CLANG_CXX_LANGUAGE_STANDARD = "gnu++14";
				CLANG_CXX_LIBRARY = "libc++";
				CLANG_ENABLE_MODULES = YES;
				CLANG_ENABLE_OBJC_ARC = YES;
				CLANG_ENABLE_OBJC_WEAK = YES;
				CLANG_WARN_BLOCK_CAPTURE_AUTORELEASING = YES;
				CLANG_WARN_BOOL_CONVERSION = YES;
				CLANG_WARN_COMMA = YES;
				CLANG_WARN_CONSTANT_CONVERSION = YES;
				CLANG_WARN_DEPRECATED_OBJC_IMPLEMENTATIONS = YES;
				CLANG_WARN_DIRECT_OBJC_ISA_USAGE = YES_ERROR;
				CLANG_WARN_DOCUMENTATION_COMMENTS = YES;
				CLANG_WARN_EMPTY_BODY = YES;
				CLANG_WARN_ENUM_CONVERSION = YES;
				CLANG_WARN_INFINITE_RECURSION = YES;
				CLANG_WARN_INT_CONVERSION = YES;
				CLANG_WARN_NON_LITERAL_NULL_CONVERSION = YES;
				CLANG_WARN_OBJC_IMPLICIT_RETAIN_SELF = YES;
				CLANG_WARN_OBJC_LITERAL_CONVERSION = YES;
				CLANG_WARN_OBJC_ROOT_CLASS = YES_ERROR;
				CLANG_WARN_RANGE_LOOP_ANALYSIS = YES;
				CLANG_WARN_STRICT_PROTOTYPES = YES;
				CLANG_WARN_SUSPICIOUS_MOVE = YES;
				CLANG_WARN_UNGUARDED_AVAILABILITY = YES_AGGRESSIVE;
				CLANG_WARN_UNREACHABLE_CODE = YES;
				CLANG_WARN__DUPLICATE_METHOD_MATCH = YES;
				CODE_SIGN_IDENTITY = "iPhone Developer";
				COPY_PHASE_STRIP = NO;
				DEBUG_INFORMATION_FORMAT = dwarf;
				ENABLE_STRICT_OBJC_MSGSEND = YES;
				ENABLE_TESTABILITY = YES;
				GCC_C_LANGUAGE_STANDARD = gnu11;
				GCC_DYNAMIC_NO_PIC = NO;
				GCC_NO_COMMON_BLOCKS = YES;
				GCC_OPTIMIZATION_LEVEL = 0;
				GCC_PREPROCESSOR_DEFINITIONS = (
					"DEBUG=1",
					"$(inherited)",
				);
				GCC_WARN_64_TO_32_BIT_CONVERSION = YES;
				GCC_WARN_ABOUT_RETURN_TYPE = YES_ERROR;
				GCC_WARN_UNDECLARED_SELECTOR = YES;
				GCC_WARN_UNINITIALIZED_AUTOS = YES_AGGRESSIVE;
				GCC_WARN_UNUSED_FUNCTION = YES;
				GCC_WARN_UNUSED_VARIABLE = YES;
				IPHONEOS_DEPLOYMENT_TARGET = 12.1;
				MTL_ENABLE_DEBUG_INFO = INCLUDE_SOURCE;
				MTL_FAST_MATH = YES;
				ONLY_ACTIVE_ARCH = YES;
				SDKROOT = iphoneos;
				SWIFT_ACTIVE_COMPILATION_CONDITIONS = DEBUG;
				SWIFT_OPTIMIZATION_LEVEL = "-Onone";
			};
			name = Debug;
		};
		A31DB578222B7DAB00C2A883 /* Release */ = {
			isa = XCBuildConfiguration;
			buildSettings = {
				ALWAYS_SEARCH_USER_PATHS = NO;
				CLANG_ANALYZER_NONNULL = YES;
				CLANG_ANALYZER_NUMBER_OBJECT_CONVERSION = YES_AGGRESSIVE;
				CLANG_CXX_LANGUAGE_STANDARD = "gnu++14";
				CLANG_CXX_LIBRARY = "libc++";
				CLANG_ENABLE_MODULES = YES;
				CLANG_ENABLE_OBJC_ARC = YES;
				CLANG_ENABLE_OBJC_WEAK = YES;
				CLANG_WARN_BLOCK_CAPTURE_AUTORELEASING = YES;
				CLANG_WARN_BOOL_CONVERSION = YES;
				CLANG_WARN_COMMA = YES;
				CLANG_WARN_CONSTANT_CONVERSION = YES;
				CLANG_WARN_DEPRECATED_OBJC_IMPLEMENTATIONS = YES;
				CLANG_WARN_DIRECT_OBJC_ISA_USAGE = YES_ERROR;
				CLANG_WARN_DOCUMENTATION_COMMENTS = YES;
				CLANG_WARN_EMPTY_BODY = YES;
				CLANG_WARN_ENUM_CONVERSION = YES;
				CLANG_WARN_INFINITE_RECURSION = YES;
				CLANG_WARN_INT_CONVERSION = YES;
				CLANG_WARN_NON_LITERAL_NULL_CONVERSION = YES;
				CLANG_WARN_OBJC_IMPLICIT_RETAIN_SELF = YES;
				CLANG_WARN_OBJC_LITERAL_CONVERSION = YES;
				CLANG_WARN_OBJC_ROOT_CLASS = YES_ERROR;
				CLANG_WARN_RANGE_LOOP_ANALYSIS = YES;
				CLANG_WARN_STRICT_PROTOTYPES = YES;
				CLANG_WARN_SUSPICIOUS_MOVE = YES;
				CLANG_WARN_UNGUARDED_AVAILABILITY = YES_AGGRESSIVE;
				CLANG_WARN_UNREACHABLE_CODE = YES;
				CLANG_WARN__DUPLICATE_METHOD_MATCH = YES;
				CODE_SIGN_IDENTITY = "iPhone Developer";
				COPY_PHASE_STRIP = NO;
				DEBUG_INFORMATION_FORMAT = "dwarf-with-dsym";
				ENABLE_NS_ASSERTIONS = NO;
				ENABLE_STRICT_OBJC_MSGSEND = YES;
				GCC_C_LANGUAGE_STANDARD = gnu11;
				GCC_NO_COMMON_BLOCKS = YES;
				GCC_WARN_64_TO_32_BIT_CONVERSION = YES;
				GCC_WARN_ABOUT_RETURN_TYPE = YES_ERROR;
				GCC_WARN_UNDECLARED_SELECTOR = YES;
				GCC_WARN_UNINITIALIZED_AUTOS = YES_AGGRESSIVE;
				GCC_WARN_UNUSED_FUNCTION = YES;
				GCC_WARN_UNUSED_VARIABLE = YES;
				IPHONEOS_DEPLOYMENT_TARGET = 12.1;
				MTL_ENABLE_DEBUG_INFO = NO;
				MTL_FAST_MATH = YES;
				SDKROOT = iphoneos;
				SWIFT_COMPILATION_MODE = wholemodule;
				SWIFT_OPTIMIZATION_LEVEL = "-O";
				VALIDATE_PRODUCT = YES;
			};
			name = Release;
		};
		A31DB57A222B7DAB00C2A883 /* Debug */ = {
			isa = XCBuildConfiguration;
			buildSettings = {
				ASSETCATALOG_COMPILER_APPICON_NAME = AppIcon;
				CODE_SIGN_STYLE = Automatic;
				DEVELOPMENT_TEAM = J5B7A4L7U6;
				INFOPLIST_FILE = "Galactic Invasion/Info.plist";
				IPHONEOS_DEPLOYMENT_TARGET = 9.0;
				LD_RUNPATH_SEARCH_PATHS = (
					"$(inherited)",
					"@executable_path/Frameworks",
				);
				PRODUCT_BUNDLE_IDENTIFIER = "come.AngeloReyes.HelloWorld.Galactic-Invasion123";
				PRODUCT_NAME = "$(TARGET_NAME)";
				SWIFT_VERSION = 4.2;
				TARGETED_DEVICE_FAMILY = "1,2";
			};
			name = Debug;
		};
		A31DB57B222B7DAB00C2A883 /* Release */ = {
			isa = XCBuildConfiguration;
			buildSettings = {
				ASSETCATALOG_COMPILER_APPICON_NAME = AppIcon;
				CODE_SIGN_STYLE = Automatic;
				DEVELOPMENT_TEAM = J5B7A4L7U6;
				INFOPLIST_FILE = "Galactic Invasion/Info.plist";
				IPHONEOS_DEPLOYMENT_TARGET = 9.0;
				LD_RUNPATH_SEARCH_PATHS = (
					"$(inherited)",
					"@executable_path/Frameworks",
				);
				PRODUCT_BUNDLE_IDENTIFIER = "come.AngeloReyes.HelloWorld.Galactic-Invasion123";
				PRODUCT_NAME = "$(TARGET_NAME)";
				SWIFT_VERSION = 4.2;
				TARGETED_DEVICE_FAMILY = "1,2";
			};
			name = Release;
		};
		A31DB57D222B7DAB00C2A883 /* Debug */ = {
			isa = XCBuildConfiguration;
			buildSettings = {
				ALWAYS_EMBED_SWIFT_STANDARD_LIBRARIES = YES;
				BUNDLE_LOADER = "$(TEST_HOST)";
				CODE_SIGN_STYLE = Automatic;
				DEVELOPMENT_TEAM = 65UFW3WM23;
				INFOPLIST_FILE = "Galactic InvasionTests/Info.plist";
				LD_RUNPATH_SEARCH_PATHS = (
					"$(inherited)",
					"@executable_path/Frameworks",
					"@loader_path/Frameworks",
				);
				PRODUCT_BUNDLE_IDENTIFIER = "come.AngeloReyes.HelloWorld.Galactic-InvasionTests";
				PRODUCT_NAME = "$(TARGET_NAME)";
				SWIFT_VERSION = 4.2;
				TARGETED_DEVICE_FAMILY = "1,2";
				TEST_HOST = "$(BUILT_PRODUCTS_DIR)/Galactic Invasion.app/Galactic Invasion";
			};
			name = Debug;
		};
		A31DB57E222B7DAB00C2A883 /* Release */ = {
			isa = XCBuildConfiguration;
			buildSettings = {
				ALWAYS_EMBED_SWIFT_STANDARD_LIBRARIES = YES;
				BUNDLE_LOADER = "$(TEST_HOST)";
				CODE_SIGN_STYLE = Automatic;
				DEVELOPMENT_TEAM = 65UFW3WM23;
				INFOPLIST_FILE = "Galactic InvasionTests/Info.plist";
				LD_RUNPATH_SEARCH_PATHS = (
					"$(inherited)",
					"@executable_path/Frameworks",
					"@loader_path/Frameworks",
				);
				PRODUCT_BUNDLE_IDENTIFIER = "come.AngeloReyes.HelloWorld.Galactic-InvasionTests";
				PRODUCT_NAME = "$(TARGET_NAME)";
				SWIFT_VERSION = 4.2;
				TARGETED_DEVICE_FAMILY = "1,2";
				TEST_HOST = "$(BUILT_PRODUCTS_DIR)/Galactic Invasion.app/Galactic Invasion";
			};
			name = Release;
		};
		A31DB580222B7DAB00C2A883 /* Debug */ = {
			isa = XCBuildConfiguration;
			buildSettings = {
				ALWAYS_EMBED_SWIFT_STANDARD_LIBRARIES = YES;
				CODE_SIGN_STYLE = Automatic;
				DEVELOPMENT_TEAM = 65UFW3WM23;
				INFOPLIST_FILE = "Galactic InvasionUITests/Info.plist";
				LD_RUNPATH_SEARCH_PATHS = (
					"$(inherited)",
					"@executable_path/Frameworks",
					"@loader_path/Frameworks",
				);
				PRODUCT_BUNDLE_IDENTIFIER = "come.AngeloReyes.HelloWorld.Galactic-InvasionUITests";
				PRODUCT_NAME = "$(TARGET_NAME)";
				SWIFT_VERSION = 4.2;
				TARGETED_DEVICE_FAMILY = "1,2";
				TEST_TARGET_NAME = "Galactic Invasion";
			};
			name = Debug;
		};
		A31DB581222B7DAB00C2A883 /* Release */ = {
			isa = XCBuildConfiguration;
			buildSettings = {
				ALWAYS_EMBED_SWIFT_STANDARD_LIBRARIES = YES;
				CODE_SIGN_STYLE = Automatic;
				DEVELOPMENT_TEAM = 65UFW3WM23;
				INFOPLIST_FILE = "Galactic InvasionUITests/Info.plist";
				LD_RUNPATH_SEARCH_PATHS = (
					"$(inherited)",
					"@executable_path/Frameworks",
					"@loader_path/Frameworks",
				);
				PRODUCT_BUNDLE_IDENTIFIER = "come.AngeloReyes.HelloWorld.Galactic-InvasionUITests";
				PRODUCT_NAME = "$(TARGET_NAME)";
				SWIFT_VERSION = 4.2;
				TARGETED_DEVICE_FAMILY = "1,2";
				TEST_TARGET_NAME = "Galactic Invasion";
			};
			name = Release;
		};
/* End XCBuildConfiguration section */

/* Begin XCConfigurationList section */
		A31DB546222B7DA900C2A883 /* Build configuration list for PBXProject "Galactic Invasion" */ = {
			isa = XCConfigurationList;
			buildConfigurations = (
				A31DB577222B7DAB00C2A883 /* Debug */,
				A31DB578222B7DAB00C2A883 /* Release */,
			);
			defaultConfigurationIsVisible = 0;
			defaultConfigurationName = Release;
		};
		A31DB579222B7DAB00C2A883 /* Build configuration list for PBXNativeTarget "Galactic Invasion" */ = {
			isa = XCConfigurationList;
			buildConfigurations = (
				A31DB57A222B7DAB00C2A883 /* Debug */,
				A31DB57B222B7DAB00C2A883 /* Release */,
			);
			defaultConfigurationIsVisible = 0;
			defaultConfigurationName = Release;
		};
		A31DB57C222B7DAB00C2A883 /* Build configuration list for PBXNativeTarget "Galactic InvasionTests" */ = {
			isa = XCConfigurationList;
			buildConfigurations = (
				A31DB57D222B7DAB00C2A883 /* Debug */,
				A31DB57E222B7DAB00C2A883 /* Release */,
			);
			defaultConfigurationIsVisible = 0;
			defaultConfigurationName = Release;
		};
		A31DB57F222B7DAB00C2A883 /* Build configuration list for PBXNativeTarget "Galactic InvasionUITests" */ = {
			isa = XCConfigurationList;
			buildConfigurations = (
				A31DB580222B7DAB00C2A883 /* Debug */,
				A31DB581222B7DAB00C2A883 /* Release */,
			);
			defaultConfigurationIsVisible = 0;
			defaultConfigurationName = Release;
		};
/* End XCConfigurationList section */
	};
	rootObject = A31DB543222B7DA900C2A883 /* Project object */;
}
